
Microsoft Visual Studio Solution File, Format Version 12.00
# Visual Studio 15
VisualStudioVersion = 15.0.28307.168
MinimumVisualStudioVersion = 10.0.40219.1
Project("{9A19103F-16F7-4668-BE54-9A1E7A4F7556}") = "stock-market", "stock-market.csproj", "{EEF47780-3036-4454-BB0E-F77D96FC6E47}"
EndProject
Global
	GlobalSection(SolutionConfigurationPlatforms) = preSolution
		Debug|Any CPU = Debug|Any CPU
		Release|Any CPU = Release|Any CPU
	EndGlobalSection
	GlobalSection(ProjectConfigurationPlatforms) = postSolution
		{EEF47780-3036-4454-BB0E-F77D96FC6E47}.Debug|Any CPU.ActiveCfg = Debug|Any CPU
		{EEF47780-3036-4454-BB0E-F77D96FC6E47}.Debug|Any CPU.Build.0 = Debug|Any CPU
		{EEF47780-3036-4454-BB0E-F77D96FC6E47}.Release|Any CPU.ActiveCfg = Release|Any CPU
		{EEF47780-3036-4454-BB0E-F77D96FC6E47}.Release|Any CPU.Build.0 = Release|Any CPU
	EndGlobalSection
	GlobalSection(SolutionProperties) = preSolution
		HideSolutionNode = FALSE
	EndGlobalSection
	GlobalSection(ExtensibilityGlobals) = postSolution
		SolutionGuid = {18504836-7016-4C5D-846E-ACE5ED557381}
	EndGlobalSection
EndGlobal
